
Microsoft Visual Studio Solution File, Format Version 12.00
# Visual Studio 15
VisualStudioVersion = 15.0.28307.572
MinimumVisualStudioVersion = 10.0.40219.1
Project("{FAE04EC0-301F-11D3-BF4B-00C04F79EFBC}") = "WpfBasics", "WpfBasics\WpfBasics.csproj", "{5AC36671-F62C-40B6-A885-D315BA26FFBA}"
EndProject
Project("{FAE04EC0-301F-11D3-BF4B-00C04F79EFBC}") = "WpfTreeView", "WpfTreeView\WpfTreeView.csproj", "{1A8EE994-5937-4271-8618-5E72A14909FA}"
EndProject
Project("{FAE04EC0-301F-11D3-BF4B-00C04F79EFBC}") = "Faseto.Word", "Faseto.Word\Faseto.Word.csproj", "{1AA9EBD6-9974-4C38-86B3-E7C068D14477}"
EndProject
Global
	GlobalSection(SolutionConfigurationPlatforms) = preSolution
		Debug|Any CPU = Debug|Any CPU
		Release|Any CPU = Release|Any CPU
	EndGlobalSection
	GlobalSection(ProjectConfigurationPlatforms) = postSolution
		{5AC36671-F62C-40B6-A885-D315BA26FFBA}.Debug|Any CPU.ActiveCfg = Debug|Any CPU
		{5AC36671-F62C-40B6-A885-D315BA26FFBA}.Debug|Any CPU.Build.0 = Debug|Any CPU
		{5AC36671-F62C-40B6-A885-D315BA26FFBA}.Release|Any CPU.ActiveCfg = Release|Any CPU
		{5AC36671-F62C-40B6-A885-D315BA26FFBA}.Release|Any CPU.Build.0 = Release|Any CPU
		{1A8EE994-5937-4271-8618-5E72A14909FA}.Debug|Any CPU.ActiveCfg = Debug|Any CPU
		{1A8EE994-5937-4271-8618-5E72A14909FA}.Debug|Any CPU.Build.0 = Debug|Any CPU
		{1A8EE994-5937-4271-8618-5E72A14909FA}.Release|Any CPU.ActiveCfg = Release|Any CPU
		{1A8EE994-5937-4271-8618-5E72A14909FA}.Release|Any CPU.Build.0 = Release|Any CPU
		{1AA9EBD6-9974-4C38-86B3-E7C068D14477}.Debug|Any CPU.ActiveCfg = Debug|Any CPU
		{1AA9EBD6-9974-4C38-86B3-E7C068D14477}.Debug|Any CPU.Build.0 = Debug|Any CPU
		{1AA9EBD6-9974-4C38-86B3-E7C068D14477}.Release|Any CPU.ActiveCfg = Release|Any CPU
		{1AA9EBD6-9974-4C38-86B3-E7C068D14477}.Release|Any CPU.Build.0 = Release|Any CPU
	EndGlobalSection
	GlobalSection(SolutionProperties) = preSolution
		HideSolutionNode = FALSE
	EndGlobalSection
	GlobalSection(ExtensibilityGlobals) = postSolution
		SolutionGuid = {85958660-ACB0-424D-9765-D31D7B818B2D}
	EndGlobalSection
EndGlobal
